
Microsoft Visual Studio Solution File, Format Version 12.00
# Visual Studio Version 17
VisualStudioVersion = 17.7.34202.233
MinimumVisualStudioVersion = 10.0.40219.1
Project("{FAE04EC0-301F-11D3-BF4B-00C04F79EFBC}") = "C#_SDF", "C#_SDF\C#_SDF.csproj", "{2225326A-159B-4F72-8492-F735F65B7D0A}"
EndProject
Global
	GlobalSection(SolutionConfigurationPlatforms) = preSolution
		Debug|Any CPU = Debug|Any CPU
		Release|Any CPU = Release|Any CPU
	EndGlobalSection
	GlobalSection(ProjectConfigurationPlatforms) = postSolution
		{2225326A-159B-4F72-8492-F735F65B7D0A}.Debug|Any CPU.ActiveCfg = Debug|Any CPU
		{2225326A-159B-4F72-8492-F735F65B7D0A}.Debug|Any CPU.Build.0 = Debug|Any CPU
		{2225326A-159B-4F72-8492-F735F65B7D0A}.Release|Any CPU.ActiveCfg = Release|Any CPU
		{2225326A-159B-4F72-8492-F735F65B7D0A}.Release|Any CPU.Build.0 = Release|Any CPU
	EndGlobalSection
	GlobalSection(SolutionProperties) = preSolution
		HideSolutionNode = FALSE
	EndGlobalSection
	GlobalSection(ExtensibilityGlobals) = postSolution
		SolutionGuid = {E63CB016-69B7-4698-A159-0F3C005AD250}
	EndGlobalSection
EndGlobal
